
Microsoft Visual Studio Solution File, Format Version 12.00
# Visual Studio Version 17
VisualStudioVersion = 17.2.32526.322
MinimumVisualStudioVersion = 10.0.40219.1
Project("{FAE04EC0-301F-11D3-BF4B-00C04F79EFBC}") = "EmployeeApi", "EmployeeApi\EmployeeApi.csproj", "{BB95F49F-19C1-4694-9A71-40D6D1C8A647}"
EndProject
Global
	GlobalSection(SolutionConfigurationPlatforms) = preSolution
		Debug|Any CPU = Debug|Any CPU
		Release|Any CPU = Release|Any CPU
	EndGlobalSection
	GlobalSection(ProjectConfigurationPlatforms) = postSolution
		{BB95F49F-19C1-4694-9A71-40D6D1C8A647}.Debug|Any CPU.ActiveCfg = Debug|Any CPU
		{BB95F49F-19C1-4694-9A71-40D6D1C8A647}.Debug|Any CPU.Build.0 = Debug|Any CPU
		{BB95F49F-19C1-4694-9A71-40D6D1C8A647}.Release|Any CPU.ActiveCfg = Release|Any CPU
		{BB95F49F-19C1-4694-9A71-40D6D1C8A647}.Release|Any CPU.Build.0 = Release|Any CPU
	EndGlobalSection
	GlobalSection(SolutionProperties) = preSolution
		HideSolutionNode = FALSE
	EndGlobalSection
	GlobalSection(ExtensibilityGlobals) = postSolution
		SolutionGuid = {2A48E8B7-A752-4149-916A-7D7EBA87BC5E}
	EndGlobalSection
EndGlobal
